// !$*UTF8*$!
{
	archiveVersion = 1;
	classes = {
	};
	objectVersion = 55;
	objects = {

/* Begin PBXBuildFile section */
		CB807FC91D19DE78904083DA /* Pods_TodoApp.framework in Frameworks */ = {isa = PBXBuildFile; fileRef = 47C828A2D8AD704C367C1FB0 /* Pods_TodoApp.framework */; };
		D9D8491C27CEFB0300C7047A /* RealmManager.swift in Sources */ = {isa = PBXBuildFile; fileRef = D9D8491B27CEFB0300C7047A /* RealmManager.swift */; };
		D9D8491E27CEFDD900C7047A /* Task.swift in Sources */ = {isa = PBXBuildFile; fileRef = D9D8491D27CEFDD900C7047A /* Task.swift */; };
		D9D8492527CF92C100C7047A /* TasksView.swift in Sources */ = {isa = PBXBuildFile; fileRef = D9D8492427CF92C100C7047A /* TasksView.swift */; };
		D9D8492727CF932400C7047A /* TaskRow.swift in Sources */ = {isa = PBXBuildFile; fileRef = D9D8492627CF932400C7047A /* TaskRow.swift */; };
		D9D8492927CF942A00C7047A /* AddTaskView.swift in Sources */ = {isa = PBXBuildFile; fileRef = D9D8492827CF942A00C7047A /* AddTaskView.swift */; };
		D9D8492B27CF952400C7047A /* SmallAddButton.swift in Sources */ = {isa = PBXBuildFile; fileRef = D9D8492A27CF952400C7047A /* SmallAddButton.swift */; };
		D9E274E327BA7D5B00BC3467 /* TodoApp.swift in Sources */ = {isa = PBXBuildFile; fileRef = D9E274E227BA7D5B00BC3467 /* TodoApp.swift */; };
		D9E274E527BA7D5B00BC3467 /* ContentView.swift in Sources */ = {isa = PBXBuildFile; fileRef = D9E274E427BA7D5B00BC3467 /* ContentView.swift */; };
		D9E274E727BA7D5D00BC3467 /* Assets.xcassets in Resources */ = {isa = PBXBuildFile; fileRef = D9E274E627BA7D5D00BC3467 /* Assets.xcassets */; };
		D9E274EA27BA7D5D00BC3467 /* Preview Assets.xcassets in Resources */ = {isa = PBXBuildFile; fileRef = D9E274E927BA7D5D00BC3467 /* Preview Assets.xcassets */; };
		D9FBC36927D13E25000B6734 /* AppInfo.swift in Sources */ = {isa = PBXBuildFile; fileRef = D9FBC36827D13E25000B6734 /* AppInfo.swift */; };
		D9FBC37527D1F13F000B6734 /* ListBar.swift in Sources */ = {isa = PBXBuildFile; fileRef = D9FBC37427D1F13F000B6734 /* ListBar.swift */; };
		D9FBC37727D1F1C1000B6734 /* ListNameTab.swift in Sources */ = {isa = PBXBuildFile; fileRef = D9FBC37627D1F1C1000B6734 /* ListNameTab.swift */; };
		D9FBC37927D1F289000B6734 /* AddListTab.swift in Sources */ = {isa = PBXBuildFile; fileRef = D9FBC37827D1F289000B6734 /* AddListTab.swift */; };
		D9FBC37D27D1F4CA000B6734 /* AddListView.swift in Sources */ = {isa = PBXBuildFile; fileRef = D9FBC37C27D1F4CA000B6734 /* AddListView.swift */; };
/* End PBXBuildFile section */

/* Begin PBXFileReference section */
		47C828A2D8AD704C367C1FB0 /* Pods_TodoApp.framework */ = {isa = PBXFileReference; explicitFileType = wrapper.framework; includeInIndex = 0; path = Pods_TodoApp.framework; sourceTree = BUILT_PRODUCTS_DIR; };
		9D18D4594BF044FD1C5FE899 /* Pods-TodoApp.debug.xcconfig */ = {isa = PBXFileReference; includeInIndex = 1; lastKnownFileType = text.xcconfig; name = "Pods-TodoApp.debug.xcconfig"; path = "Target Support Files/Pods-TodoApp/Pods-TodoApp.debug.xcconfig"; sourceTree = "<group>"; };
		D9D8491B27CEFB0300C7047A /* RealmManager.swift */ = {isa = PBXFileReference; lastKnownFileType = sourcecode.swift; path = RealmManager.swift; sourceTree = "<group>"; };
		D9D8491D27CEFDD900C7047A /* Task.swift */ = {isa = PBXFileReference; lastKnownFileType = sourcecode.swift; path = Task.swift; sourceTree = "<group>"; };
		D9D8492427CF92C100C7047A /* TasksView.swift */ = {isa = PBXFileReference; lastKnownFileType = sourcecode.swift; path = TasksView.swift; sourceTree = "<group>"; };
		D9D8492627CF932400C7047A /* TaskRow.swift */ = {isa = PBXFileReference; lastKnownFileType = sourcecode.swift; path = TaskRow.swift; sourceTree = "<group>"; };
		D9D8492827CF942A00C7047A /* AddTaskView.swift */ = {isa = PBXFileReference; lastKnownFileType = sourcecode.swift; path = AddTaskView.swift; sourceTree = "<group>"; };
		D9D8492A27CF952400C7047A /* SmallAddButton.swift */ = {isa = PBXFileReference; lastKnownFileType = sourcecode.swift; path = SmallAddButton.swift; sourceTree = "<group>"; };
		D9E274DF27BA7D5B00BC3467 /* TodoApp.app */ = {isa = PBXFileReference; explicitFileType = wrapper.application; includeInIndex = 0; path = TodoApp.app; sourceTree = BUILT_PRODUCTS_DIR; };
		D9E274E227BA7D5B00BC3467 /* TodoApp.swift */ = {isa = PBXFileReference; lastKnownFileType = sourcecode.swift; path = TodoApp.swift; sourceTree = "<group>"; };
		D9E274E427BA7D5B00BC3467 /* ContentView.swift */ = {isa = PBXFileReference; lastKnownFileType = sourcecode.swift; path = ContentView.swift; sourceTree = "<group>"; };
		D9E274E627BA7D5D00BC3467 /* Assets.xcassets */ = {isa = PBXFileReference; lastKnownFileType = folder.assetcatalog; path = Assets.xcassets; sourceTree = "<group>"; };
		D9E274E927BA7D5D00BC3467 /* Preview Assets.xcassets */ = {isa = PBXFileReference; lastKnownFileType = folder.assetcatalog; path = "Preview Assets.xcassets"; sourceTree = "<group>"; };
		D9FBC36827D13E25000B6734 /* AppInfo.swift */ = {isa = PBXFileReference; lastKnownFileType = sourcecode.swift; path = AppInfo.swift; sourceTree = "<group>"; };
		D9FBC37427D1F13F000B6734 /* ListBar.swift */ = {isa = PBXFileReference; lastKnownFileType = sourcecode.swift; path = ListBar.swift; sourceTree = "<group>"; };
		D9FBC37627D1F1C1000B6734 /* ListNameTab.swift */ = {isa = PBXFileReference; lastKnownFileType = sourcecode.swift; path = ListNameTab.swift; sourceTree = "<group>"; };
		D9FBC37827D1F289000B6734 /* AddListTab.swift */ = {isa = PBXFileReference; lastKnownFileType = sourcecode.swift; path = AddListTab.swift; sourceTree = "<group>"; };
		D9FBC37C27D1F4CA000B6734 /* AddListView.swift */ = {isa = PBXFileReference; lastKnownFileType = sourcecode.swift; path = AddListView.swift; sourceTree = "<group>"; };
		F0D3E5E6A66138A2543F5586 /* Pods-TodoApp.release.xcconfig */ = {isa = PBXFileReference; includeInIndex = 1; lastKnownFileType = text.xcconfig; name = "Pods-TodoApp.release.xcconfig"; path = "Target Support Files/Pods-TodoApp/Pods-TodoApp.release.xcconfig"; sourceTree = "<group>"; };
/* End PBXFileReference section */

/* Begin PBXFrameworksBuildPhase section */
		D9E274DC27BA7D5B00BC3467 /* Frameworks */ = {
			isa = PBXFrameworksBuildPhase;
			buildActionMask = 2147483647;
			files = (
				CB807FC91D19DE78904083DA /* Pods_TodoApp.framework in Frameworks */,
			);
			runOnlyForDeploymentPostprocessing = 0;
		};
/* End PBXFrameworksBuildPhase section */

/* Begin PBXGroup section */
		03603A8FE7F24A1B9B9E53E8 /* Pods */ = {
			isa = PBXGroup;
			children = (
				9D18D4594BF044FD1C5FE899 /* Pods-TodoApp.debug.xcconfig */,
				F0D3E5E6A66138A2543F5586 /* Pods-TodoApp.release.xcconfig */,
			);
			path = Pods;
			sourceTree = "<group>";
		};
		2EF71508DF9F16DD733FFB98 /* Frameworks */ = {
			isa = PBXGroup;
			children = (
				47C828A2D8AD704C367C1FB0 /* Pods_TodoApp.framework */,
			);
			name = Frameworks;
			sourceTree = "<group>";
		};
		D9D8492127CF83E000C7047A /* View */ = {
			isa = PBXGroup;
			children = (
				D9E274E427BA7D5B00BC3467 /* ContentView.swift */,
				D9D8492427CF92C100C7047A /* TasksView.swift */,
				D9D8492827CF942A00C7047A /* AddTaskView.swift */,
				D9FBC37C27D1F4CA000B6734 /* AddListView.swift */,
			);
			path = View;
			sourceTree = "<group>";
		};
		D9D8492227CF844900C7047A /* Components */ = {
			isa = PBXGroup;
			children = (
				D9FBC37B27D1F392000B6734 /* Tasks */,
			);
			path = Components;
			sourceTree = "<group>";
		};
		D9D8492327CF846B00C7047A /* Model */ = {
			isa = PBXGroup;
			children = (
				D9D8491D27CEFDD900C7047A /* Task.swift */,
			);
			path = Model;
			sourceTree = "<group>";
		};
		D9E274D627BA7D5B00BC3467 = {
			isa = PBXGroup;
			children = (
				D9E274E127BA7D5B00BC3467 /* TodoApp */,
				D9E274E027BA7D5B00BC3467 /* Products */,
				03603A8FE7F24A1B9B9E53E8 /* Pods */,
				2EF71508DF9F16DD733FFB98 /* Frameworks */,
			);
			sourceTree = "<group>";
		};
		D9E274E027BA7D5B00BC3467 /* Products */ = {
			isa = PBXGroup;
			children = (
				D9E274DF27BA7D5B00BC3467 /* TodoApp.app */,
			);
			name = Products;
			sourceTree = "<group>";
		};
		D9E274E127BA7D5B00BC3467 /* TodoApp */ = {
			isa = PBXGroup;
			children = (
				D9E274E227BA7D5B00BC3467 /* TodoApp.swift */,
				D9D8492127CF83E000C7047A /* View */,
				D9D8492227CF844900C7047A /* Components */,
				D9D8492327CF846B00C7047A /* Model */,
				D9E274E627BA7D5D00BC3467 /* Assets.xcassets */,
				D9E274E827BA7D5D00BC3467 /* Preview Content */,
				D9D8491B27CEFB0300C7047A /* RealmManager.swift */,
			);
			path = TodoApp;
			sourceTree = "<group>";
		};
		D9E274E827BA7D5D00BC3467 /* Preview Content */ = {
			isa = PBXGroup;
			children = (
				D9E274E927BA7D5D00BC3467 /* Preview Assets.xcassets */,
			);
			path = "Preview Content";
			sourceTree = "<group>";
		};
		D9FBC37A27D1F366000B6734 /* List */ = {
			isa = PBXGroup;
			children = (
				D9FBC37427D1F13F000B6734 /* ListBar.swift */,
				D9FBC37827D1F289000B6734 /* AddListTab.swift */,
				D9FBC37627D1F1C1000B6734 /* ListNameTab.swift */,
			);
			path = List;
			sourceTree = "<group>";
		};
		D9FBC37B27D1F392000B6734 /* Tasks */ = {
			isa = PBXGroup;
			children = (
				D9FBC36827D13E25000B6734 /* AppInfo.swift */,
				D9FBC37A27D1F366000B6734 /* List */,
				D9D8492627CF932400C7047A /* TaskRow.swift */,
				D9D8492A27CF952400C7047A /* SmallAddButton.swift */,
			);
			path = Tasks;
			sourceTree = "<group>";
		};
/* End PBXGroup section */

/* Begin PBXNativeTarget section */
		D9E274DE27BA7D5B00BC3467 /* TodoApp */ = {
			isa = PBXNativeTarget;
			buildConfigurationList = D9E274ED27BA7D5D00BC3467 /* Build configuration list for PBXNativeTarget "TodoApp" */;
			buildPhases = (
				70C2714DA6F6DF40E7D79CB9 /* [CP] Check Pods Manifest.lock */,
				D9E274DB27BA7D5B00BC3467 /* Sources */,
				D9E274DC27BA7D5B00BC3467 /* Frameworks */,
				D9E274DD27BA7D5B00BC3467 /* Resources */,
				A5A927928E910F7F82569E74 /* [CP] Embed Pods Frameworks */,
			);
			buildRules = (
			);
			dependencies = (
			);
			name = TodoApp;
			productName = TodoApp;
			productReference = D9E274DF27BA7D5B00BC3467 /* TodoApp.app */;
			productType = "com.apple.product-type.application";
		};
/* End PBXNativeTarget section */

/* Begin PBXProject section */
		D9E274D727BA7D5B00BC3467 /* Project object */ = {
			isa = PBXProject;
			attributes = {
				BuildIndependentTargetsInParallel = 1;
				LastSwiftUpdateCheck = 1320;
				LastUpgradeCheck = 1320;
				TargetAttributes = {
					D9E274DE27BA7D5B00BC3467 = {
						CreatedOnToolsVersion = 13.2.1;
					};
				};
			};
			buildConfigurationList = D9E274DA27BA7D5B00BC3467 /* Build configuration list for PBXProject "TodoApp" */;
			compatibilityVersion = "Xcode 13.0";
			developmentRegion = en;
			hasScannedForEncodings = 0;
			knownRegions = (
				en,
				Base,
			);
			mainGroup = D9E274D627BA7D5B00BC3467;
			productRefGroup = D9E274E027BA7D5B00BC3467 /* Products */;
			projectDirPath = "";
			projectRoot = "";
			targets = (
				D9E274DE27BA7D5B00BC3467 /* TodoApp */,
			);
		};
/* End PBXProject section */

/* Begin PBXResourcesBuildPhase section */
		D9E274DD27BA7D5B00BC3467 /* Resources */ = {
			isa = PBXResourcesBuildPhase;
			buildActionMask = 2147483647;
			files = (
				D9E274EA27BA7D5D00BC3467 /* Preview Assets.xcassets in Resources */,
				D9E274E727BA7D5D00BC3467 /* Assets.xcassets in Resources */,
			);
			runOnlyForDeploymentPostprocessing = 0;
		};
/* End PBXResourcesBuildPhase section */

/* Begin PBXShellScriptBuildPhase section */
		70C2714DA6F6DF40E7D79CB9 /* [CP] Check Pods Manifest.lock */ = {
			isa = PBXShellScriptBuildPhase;
			buildActionMask = 2147483647;
			files = (
			);
			inputFileListPaths = (
			);
			inputPaths = (
				"${PODS_PODFILE_DIR_PATH}/Podfile.lock",
				"${PODS_ROOT}/Manifest.lock",
			);
			name = "[CP] Check Pods Manifest.lock";
			outputFileListPaths = (
			);
			outputPaths = (
				"$(DERIVED_FILE_DIR)/Pods-TodoApp-checkManifestLockResult.txt",
			);
			runOnlyForDeploymentPostprocessing = 0;
			shellPath = /bin/sh;
			shellScript = "diff \"${PODS_PODFILE_DIR_PATH}/Podfile.lock\" \"${PODS_ROOT}/Manifest.lock\" > /dev/null\nif [ $? != 0 ] ; then\n    # print error to STDERR\n    echo \"error: The sandbox is not in sync with the Podfile.lock. Run 'pod install' or update your CocoaPods installation.\" >&2\n    exit 1\nfi\n# This output is used by Xcode 'outputs' to avoid re-running this script phase.\necho \"SUCCESS\" > \"${SCRIPT_OUTPUT_FILE_0}\"\n";
			showEnvVarsInLog = 0;
		};
		A5A927928E910F7F82569E74 /* [CP] Embed Pods Frameworks */ = {
			isa = PBXShellScriptBuildPhase;
			buildActionMask = 2147483647;
			files = (
			);
			inputFileListPaths = (
				"${PODS_ROOT}/Target Support Files/Pods-TodoApp/Pods-TodoApp-frameworks-${CONFIGURATION}-input-files.xcfilelist",
			);
			name = "[CP] Embed Pods Frameworks";
			outputFileListPaths = (
				"${PODS_ROOT}/Target Support Files/Pods-TodoApp/Pods-TodoApp-frameworks-${CONFIGURATION}-output-files.xcfilelist",
			);
			runOnlyForDeploymentPostprocessing = 0;
			shellPath = /bin/sh;
			shellScript = "\"${PODS_ROOT}/Target Support Files/Pods-TodoApp/Pods-TodoApp-frameworks.sh\"\n";
			showEnvVarsInLog = 0;
		};
/* End PBXShellScriptBuildPhase section */

/* Begin PBXSourcesBuildPhase section */
		D9E274DB27BA7D5B00BC3467 /* Sources */ = {
			isa = PBXSourcesBuildPhase;
			buildActionMask = 2147483647;
			files = (
				D9D8491C27CEFB0300C7047A /* RealmManager.swift in Sources */,
				D9D8492927CF942A00C7047A /* AddTaskView.swift in Sources */,
				D9FBC37D27D1F4CA000B6734 /* AddListView.swift in Sources */,
				D9FBC37727D1F1C1000B6734 /* ListNameTab.swift in Sources */,
				D9E274E527BA7D5B00BC3467 /* ContentView.swift in Sources */,
				D9E274E327BA7D5B00BC3467 /* TodoApp.swift in Sources */,
				D9D8492727CF932400C7047A /* TaskRow.swift in Sources */,
				D9D8491E27CEFDD900C7047A /* Task.swift in Sources */,
				D9FBC36927D13E25000B6734 /* AppInfo.swift in Sources */,
				D9D8492B27CF952400C7047A /* SmallAddButton.swift in Sources */,
				D9D8492527CF92C100C7047A /* TasksView.swift in Sources */,
				D9FBC37527D1F13F000B6734 /* ListBar.swift in Sources */,
				D9FBC37927D1F289000B6734 /* AddListTab.swift in Sources */,
			);
			runOnlyForDeploymentPostprocessing = 0;
		};
/* End PBXSourcesBuildPhase section */

/* Begin XCBuildConfiguration section */
		D9E274EB27BA7D5D00BC3467 /* Debug */ = {
			isa = XCBuildConfiguration;
			buildSettings = {
				ALWAYS_SEARCH_USER_PATHS = NO;
				CLANG_ANALYZER_NONNULL = YES;
				CLANG_ANALYZER_NUMBER_OBJECT_CONVERSION = YES_AGGRESSIVE;
				CLANG_CXX_LANGUAGE_STANDARD = "gnu++17";
				CLANG_CXX_LIBRARY = "libc++";
				CLANG_ENABLE_MODULES = YES;
				CLANG_ENABLE_OBJC_ARC = YES;
				CLANG_ENABLE_OBJC_WEAK = YES;
				CLANG_WARN_BLOCK_CAPTURE_AUTORELEASING = YES;
				CLANG_WARN_BOOL_CONVERSION = YES;
				CLANG_WARN_COMMA = YES;
				CLANG_WARN_CONSTANT_CONVERSION = YES;
				CLANG_WARN_DEPRECATED_OBJC_IMPLEMENTATIONS = YES;
				CLANG_WARN_DIRECT_OBJC_ISA_USAGE = YES_ERROR;
				CLANG_WARN_DOCUMENTATION_COMMENTS = YES;
				CLANG_WARN_EMPTY_BODY = YES;
				CLANG_WARN_ENUM_CONVERSION = YES;
				CLANG_WARN_INFINITE_RECURSION = YES;
				CLANG_WARN_INT_CONVERSION = YES;
				CLANG_WARN_NON_LITERAL_NULL_CONVERSION = YES;
				CLANG_WARN_OBJC_IMPLICIT_RETAIN_SELF = YES;
				CLANG_WARN_OBJC_LITERAL_CONVERSION = YES;
				CLANG_WARN_OBJC_ROOT_CLASS = YES_ERROR;
				CLANG_WARN_QUOTED_INCLUDE_IN_FRAMEWORK_HEADER = YES;
				CLANG_WARN_RANGE_LOOP_ANALYSIS = YES;
				CLANG_WARN_STRICT_PROTOTYPES = YES;
				CLANG_WARN_SUSPICIOUS_MOVE = YES;
				CLANG_WARN_UNGUARDED_AVAILABILITY = YES_AGGRESSIVE;
				CLANG_WARN_UNREACHABLE_CODE = YES;
				CLANG_WARN__DUPLICATE_METHOD_MATCH = YES;
				COPY_PHASE_STRIP = NO;
				DEBUG_INFORMATION_FORMAT = dwarf;
				ENABLE_STRICT_OBJC_MSGSEND = YES;
				ENABLE_TESTABILITY = YES;
				GCC_C_LANGUAGE_STANDARD = gnu11;
				GCC_DYNAMIC_NO_PIC = NO;
				GCC_NO_COMMON_BLOCKS = YES;
				GCC_OPTIMIZATION_LEVEL = 0;
				GCC_PREPROCESSOR_DEFINITIONS = (
					"DEBUG=1",
					"$(inherited)",
				);
				GCC_WARN_64_TO_32_BIT_CONVERSION = YES;
				GCC_WARN_ABOUT_RETURN_TYPE = YES_ERROR;
				GCC_WARN_UNDECLARED_SELECTOR = YES;
				GCC_WARN_UNINITIALIZED_AUTOS = YES_AGGRESSIVE;
				GCC_WARN_UNUSED_FUNCTION = YES;
				GCC_WARN_UNUSED_VARIABLE = YES;
				IPHONEOS_DEPLOYMENT_TARGET = 15.2;
				MTL_ENABLE_DEBUG_INFO = INCLUDE_SOURCE;
				MTL_FAST_MATH = YES;
				ONLY_ACTIVE_ARCH = YES;
				SDKROOT = iphoneos;
				SWIFT_ACTIVE_COMPILATION_CONDITIONS = DEBUG;
				SWIFT_OPTIMIZATION_LEVEL = "-Onone";
			};
			name = Debug;
		};
		D9E274EC27BA7D5D00BC3467 /* Release */ = {
			isa = XCBuildConfiguration;
			buildSettings = {
				ALWAYS_SEARCH_USER_PATHS = NO;
				CLANG_ANALYZER_NONNULL = YES;
				CLANG_ANALYZER_NUMBER_OBJECT_CONVERSION = YES_AGGRESSIVE;
				CLANG_CXX_LANGUAGE_STANDARD = "gnu++17";
				CLANG_CXX_LIBRARY = "libc++";
				CLANG_ENABLE_MODULES = YES;
				CLANG_ENABLE_OBJC_ARC = YES;
				CLANG_ENABLE_OBJC_WEAK = YES;
				CLANG_WARN_BLOCK_CAPTURE_AUTORELEASING = YES;
				CLANG_WARN_BOOL_CONVERSION = YES;
				CLANG_WARN_COMMA = YES;
				CLANG_WARN_CONSTANT_CONVERSION = YES;
				CLANG_WARN_DEPRECATED_OBJC_IMPLEMENTATIONS = YES;
				CLANG_WARN_DIRECT_OBJC_ISA_USAGE = YES_ERROR;
				CLANG_WARN_DOCUMENTATION_COMMENTS = YES;
				CLANG_WARN_EMPTY_BODY = YES;
				CLANG_WARN_ENUM_CONVERSION = YES;
				CLANG_WARN_INFINITE_RECURSION = YES;
				CLANG_WARN_INT_CONVERSION = YES;
				CLANG_WARN_NON_LITERAL_NULL_CONVERSION = YES;
				CLANG_WARN_OBJC_IMPLICIT_RETAIN_SELF = YES;
				CLANG_WARN_OBJC_LITERAL_CONVERSION = YES;
				CLANG_WARN_OBJC_ROOT_CLASS = YES_ERROR;
				CLANG_WARN_QUOTED_INCLUDE_IN_FRAMEWORK_HEADER = YES;
				CLANG_WARN_RANGE_LOOP_ANALYSIS = YES;
				CLANG_WARN_STRICT_PROTOTYPES = YES;
				CLANG_WARN_SUSPICIOUS_MOVE = YES;
				CLANG_WARN_UNGUARDED_AVAILABILITY = YES_AGGRESSIVE;
				CLANG_WARN_UNREACHABLE_CODE = YES;
				CLANG_WARN__DUPLICATE_METHOD_MATCH = YES;
				COPY_PHASE_STRIP = NO;
				DEBUG_INFORMATION_FORMAT = "dwarf-with-dsym";
				ENABLE_NS_ASSERTIONS = NO;
				ENABLE_STRICT_OBJC_MSGSEND = YES;
				GCC_C_LANGUAGE_STANDARD = gnu11;
				GCC_NO_COMMON_BLOCKS = YES;
				GCC_WARN_64_TO_32_BIT_CONVERSION = YES;
				GCC_WARN_ABOUT_RETURN_TYPE = YES_ERROR;
				GCC_WARN_UNDECLARED_SELECTOR = YES;
				GCC_WARN_UNINITIALIZED_AUTOS = YES_AGGRESSIVE;
				GCC_WARN_UNUSED_FUNCTION = YES;
				GCC_WARN_UNUSED_VARIABLE = YES;
				IPHONEOS_DEPLOYMENT_TARGET = 15.2;
				MTL_ENABLE_DEBUG_INFO = NO;
				MTL_FAST_MATH = YES;
				SDKROOT = iphoneos;
				SWIFT_COMPILATION_MODE = wholemodule;
				SWIFT_OPTIMIZATION_LEVEL = "-O";
				VALIDATE_PRODUCT = YES;
			};
			name = Release;
		};
		D9E274EE27BA7D5D00BC3467 /* Debug */ = {
			isa = XCBuildConfiguration;
			baseConfigurationReference = 9D18D4594BF044FD1C5FE899 /* Pods-TodoApp.debug.xcconfig */;
			buildSettings = {
				ASSETCATALOG_COMPILER_APPICON_NAME = AppIcon;
				ASSETCATALOG_COMPILER_GLOBAL_ACCENT_COLOR_NAME = AccentColor;
				CODE_SIGN_STYLE = Automatic;
				CURRENT_PROJECT_VERSION = 1;
				DEVELOPMENT_ASSET_PATHS = "\"TodoApp/Preview Content\"";
				DEVELOPMENT_TEAM = F77ZK5AVA4;
				ENABLE_PREVIEWS = YES;
				GENERATE_INFOPLIST_FILE = YES;
				INFOPLIST_KEY_UIApplicationSceneManifest_Generation = YES;
				INFOPLIST_KEY_UIApplicationSupportsIndirectInputEvents = YES;
				INFOPLIST_KEY_UILaunchScreen_Generation = YES;
				INFOPLIST_KEY_UISupportedInterfaceOrientations_iPad = "UIInterfaceOrientationPortrait UIInterfaceOrientationPortraitUpsideDown UIInterfaceOrientationLandscapeLeft UIInterfaceOrientationLandscapeRight";
				INFOPLIST_KEY_UISupportedInterfaceOrientations_iPhone = "UIInterfaceOrientationPortrait UIInterfaceOrientationLandscapeLeft UIInterfaceOrientationLandscapeRight";
				IPHONEOS_DEPLOYMENT_TARGET = 15.1;
				LD_RUNPATH_SEARCH_PATHS = (
					"$(inherited)",
					"@executable_path/Frameworks",
				);
				MARKETING_VERSION = 1.0;
				PRODUCT_BUNDLE_IDENTIFIER = com.zhixian.piao.TodoApp;
				PRODUCT_NAME = "$(TARGET_NAME)";
				SWIFT_EMIT_LOC_STRINGS = YES;
				SWIFT_VERSION = 5.0;
				TARGETED_DEVICE_FAMILY = "1,2";
			};
			name = Debug;
		};
		D9E274EF27BA7D5D00BC3467 /* Release */ = {
			isa = XCBuildConfiguration;
			baseConfigurationReference = F0D3E5E6A66138A2543F5586 /* Pods-TodoApp.release.xcconfig */;
			buildSettings = {
				ASSETCATALOG_COMPILER_APPICON_NAME = AppIcon;
				ASSETCATALOG_COMPILER_GLOBAL_ACCENT_COLOR_NAME = AccentColor;
				CODE_SIGN_STYLE = Automatic;
				CURRENT_PROJECT_VERSION = 1;
				DEVELOPMENT_ASSET_PATHS = "\"TodoApp/Preview Content\"";
				DEVELOPMENT_TEAM = F77ZK5AVA4;
				ENABLE_PREVIEWS = YES;
				GENERATE_INFOPLIST_FILE = YES;
				INFOPLIST_KEY_UIApplicationSceneManifest_Generation = YES;
				INFOPLIST_KEY_UIApplicationSupportsIndirectInputEvents = YES;
				INFOPLIST_KEY_UILaunchScreen_Generation = YES;
				INFOPLIST_KEY_UISupportedInterfaceOrientations_iPad = "UIInterfaceOrientationPortrait UIInterfaceOrientationPortraitUpsideDown UIInterfaceOrientationLandscapeLeft UIInterfaceOrientationLandscapeRight";
				INFOPLIST_KEY_UISupportedInterfaceOrientations_iPhone = "UIInterfaceOrientationPortrait UIInterfaceOrientationLandscapeLeft UIInterfaceOrientationLandscapeRight";
				IPHONEOS_DEPLOYMENT_TARGET = 15.1;
				LD_RUNPATH_SEARCH_PATHS = (
					"$(inherited)",
					"@executable_path/Frameworks",
				);
				MARKETING_VERSION = 1.0;
				PRODUCT_BUNDLE_IDENTIFIER = com.zhixian.piao.TodoApp;
				PRODUCT_NAME = "$(TARGET_NAME)";
				SWIFT_EMIT_LOC_STRINGS = YES;
				SWIFT_VERSION = 5.0;
				TARGETED_DEVICE_FAMILY = "1,2";
			};
			name = Release;
		};
/* End XCBuildConfiguration section */

/* Begin XCConfigurationList section */
		D9E274DA27BA7D5B00BC3467 /* Build configuration list for PBXProject "TodoApp" */ = {
			isa = XCConfigurationList;
			buildConfigurations = (
				D9E274EB27BA7D5D00BC3467 /* Debug */,
				D9E274EC27BA7D5D00BC3467 /* Release */,
			);
			defaultConfigurationIsVisible = 0;
			defaultConfigurationName = Release;
		};
		D9E274ED27BA7D5D00BC3467 /* Build configuration list for PBXNativeTarget "TodoApp" */ = {
			isa = XCConfigurationList;
			buildConfigurations = (
				D9E274EE27BA7D5D00BC3467 /* Debug */,
				D9E274EF27BA7D5D00BC3467 /* Release */,
			);
			defaultConfigurationIsVisible = 0;
			defaultConfigurationName = Release;
		};
/* End XCConfigurationList section */
	};
	rootObject = D9E274D727BA7D5B00BC3467 /* Project object */;
}
